
Microsoft Visual Studio Solution File, Format Version 12.00
# Visual Studio 2013
VisualStudioVersion = 12.0.30501.0
MinimumVisualStudioVersion = 10.0.40219.1
Project("{FAE04EC0-301F-11D3-BF4B-00C04F79EFBC}") = "GUI", "GUI.csproj", "{07A267F3-7605-40A4-B40A-8728E95D1809}"
	ProjectSection(ProjectDependencies) = postProject
		{B86FE06B-2C05-4E61-AA93-D53C322E1409} = {B86FE06B-2C05-4E61-AA93-D53C322E1409}
	EndProjectSection
EndProject
Project("{FAE04EC0-301F-11D3-BF4B-00C04F79EFBC}") = "Parser", "..\Parser\Parser.csproj", "{B86FE06B-2C05-4E61-AA93-D53C322E1409}"
EndProject
Global
	GlobalSection(SolutionConfigurationPlatforms) = preSolution
		Debug|Any CPU = Debug|Any CPU
		Release|Any CPU = Release|Any CPU
	EndGlobalSection
	GlobalSection(ProjectConfigurationPlatforms) = postSolution
		{07A267F3-7605-40A4-B40A-8728E95D1809}.Debug|Any CPU.ActiveCfg = Debug|Any CPU
		{07A267F3-7605-40A4-B40A-8728E95D1809}.Debug|Any CPU.Build.0 = Debug|Any CPU
		{07A267F3-7605-40A4-B40A-8728E95D1809}.Release|Any CPU.ActiveCfg = Release|Any CPU
		{07A267F3-7605-40A4-B40A-8728E95D1809}.Release|Any CPU.Build.0 = Release|Any CPU
		{B86FE06B-2C05-4E61-AA93-D53C322E1409}.Debug|Any CPU.ActiveCfg = Debug|Any CPU
		{B86FE06B-2C05-4E61-AA93-D53C322E1409}.Debug|Any CPU.Build.0 = Debug|Any CPU
		{B86FE06B-2C05-4E61-AA93-D53C322E1409}.Release|Any CPU.ActiveCfg = Release|Any CPU
		{B86FE06B-2C05-4E61-AA93-D53C322E1409}.Release|Any CPU.Build.0 = Release|Any CPU
	EndGlobalSection
	GlobalSection(SolutionProperties) = preSolution
		HideSolutionNode = FALSE
	EndGlobalSection
EndGlobal
